
Microsoft Visual Studio Solution File, Format Version 12.00
# Visual Studio Version 17
VisualStudioVersion = 17.0.31903.59
MinimumVisualStudioVersion = 10.0.40219.1
Project("{FAE04EC0-301F-11D3-BF4B-00C04F79EFBC}") = "SammanCoaching.ParameterizedTests.Tests", "SammanCoaching.ParameterizedTests.Tests\SammanCoaching.ParameterizedTests.Tests.csproj", "{9681865F-E217-41E3-89A9-036E5ED94D27}"
EndProject
Project("{FAE04EC0-301F-11D3-BF4B-00C04F79EFBC}") = "SammanCoaching.ParameterizedTests", "SammanCoaching.ParameterizedTests\SammanCoaching.ParameterizedTests.csproj", "{6FC714E3-D25C-4AE8-B451-4D90C9362607}"
EndProject
Global
	GlobalSection(SolutionConfigurationPlatforms) = preSolution
		Debug|Any CPU = Debug|Any CPU
		Release|Any CPU = Release|Any CPU
	EndGlobalSection
	GlobalSection(SolutionProperties) = preSolution
		HideSolutionNode = FALSE
	EndGlobalSection
	GlobalSection(ProjectConfigurationPlatforms) = postSolution
		{9681865F-E217-41E3-89A9-036E5ED94D27}.Debug|Any CPU.ActiveCfg = Debug|Any CPU
		{9681865F-E217-41E3-89A9-036E5ED94D27}.Debug|Any CPU.Build.0 = Debug|Any CPU
		{9681865F-E217-41E3-89A9-036E5ED94D27}.Release|Any CPU.ActiveCfg = Release|Any CPU
		{9681865F-E217-41E3-89A9-036E5ED94D27}.Release|Any CPU.Build.0 = Release|Any CPU
		{6FC714E3-D25C-4AE8-B451-4D90C9362607}.Debug|Any CPU.ActiveCfg = Debug|Any CPU
		{6FC714E3-D25C-4AE8-B451-4D90C9362607}.Debug|Any CPU.Build.0 = Debug|Any CPU
		{6FC714E3-D25C-4AE8-B451-4D90C9362607}.Release|Any CPU.ActiveCfg = Release|Any CPU
		{6FC714E3-D25C-4AE8-B451-4D90C9362607}.Release|Any CPU.Build.0 = Release|Any CPU
	EndGlobalSection
EndGlobal
